
Microsoft Visual Studio Solution File, Format Version 12.00
# Visual Studio 15
VisualStudioVersion = 15.0.28307.421
MinimumVisualStudioVersion = 10.0.40219.1
Project("{FAE04EC0-301F-11D3-BF4B-00C04F79EFBC}") = "AngularAutoComplete", "AngularAutoComplete\AngularAutoComplete.csproj", "{A8863556-48C1-4F6C-9C90-4F2E847335DA}"
EndProject
Global
	GlobalSection(SolutionConfigurationPlatforms) = preSolution
		Debug|Any CPU = Debug|Any CPU
		Release|Any CPU = Release|Any CPU
	EndGlobalSection
	GlobalSection(ProjectConfigurationPlatforms) = postSolution
		{A8863556-48C1-4F6C-9C90-4F2E847335DA}.Debug|Any CPU.ActiveCfg = Debug|Any CPU
		{A8863556-48C1-4F6C-9C90-4F2E847335DA}.Debug|Any CPU.Build.0 = Debug|Any CPU
		{A8863556-48C1-4F6C-9C90-4F2E847335DA}.Release|Any CPU.ActiveCfg = Release|Any CPU
		{A8863556-48C1-4F6C-9C90-4F2E847335DA}.Release|Any CPU.Build.0 = Release|Any CPU
	EndGlobalSection
	GlobalSection(SolutionProperties) = preSolution
		HideSolutionNode = FALSE
	EndGlobalSection
	GlobalSection(ExtensibilityGlobals) = postSolution
		SolutionGuid = {FF38B783-BAF3-4C94-A841-F81F33418658}
	EndGlobalSection
EndGlobal
